{
  "R": {
    "Version": "3.6.3",
    "Repositories": [
      {
        "Name": "CRAN",
        "URL": "https://cloud.r-project.org"
      }
    ]
  },
  "Packages": {
    "renv": {
      "Package": "renv",
      "Version": "0.11.0-3",
      "Source": "GitHub",
      "RemoteType": "github",
      "RemoteHost": "api.github.com",
      "RemoteRepo": "renv",
      "RemoteUsername": "rstudio",
      "RemoteRef": "master",
      "RemoteSha": "caf0b39c883168cdd5ebd55a547f6d8689ab8712",
      "Hash": "094b6d0b0fe28b14a6780dad836f6356"
    }
  }
}
